<?xml version="1.0" encoding="utf-8"?>
<Project ToolsVersion="12.0" xmlns="http://schemas.microsoft.com/developer/msbuild/2003">
  <ItemGroup>
    <CLCompile Include="$(MSBuildThisFileDirectory)App.xaml.cpp" />
    <ClInclude Include="$(MSBuildThisFileDirectory)App.xaml.h" />
    <CLCompile Include="$(MSBuildThisFileDirectory)pch.cpp" />
    <ClInclude Include="$(MSBuildThisFileDirectory)pch.h" />
    <ClCompile Include="$(MSBuildThisFileDirectory)Cocos2dRenderer.cpp" />
    <ClCompile Include="$(MSBuildThisFileDirectory)OpenGLES.cpp" />
    <ClCompile Include="$(MSBuildThisFileDirectory)OpenGLESPage.xaml.cpp" />
    <ClCompile Include="$(MSBuildThisFileDirectory)..\..\Classes\AppDelegate.cpp">
      <Filter>Classes</Filter>
    </ClCompile>
    <ClCompile Include="$(MSBuildThisFileDirectory)..\..\Classes\HelloWorldScene.cpp">
      <Filter>Classes</Filter>
    </ClCompile>
    <ClCompile Include="$(MSBuildThisFileDirectory)..\..\Classes\TestAds\TestAdsScene.cpp">
      <Filter>Classes\TestAds</Filter>
    </ClCompile>
    <ClCompile Include="$(MSBuildThisFileDirectory)..\..\Classes\TestAnalytics\TestAnalyticsScene.cpp">
      <Filter>Classes\TestAnalytics</Filter>
    </ClCompile>
    <ClCompile Include="$(MSBuildThisFileDirectory)..\..\Classes\TestFacebookShare\TestFacebookShare.cpp">
      <Filter>Classes\TestFacebookShare</Filter>
    </ClCompile>
    <ClCompile Include="$(MSBuildThisFileDirectory)..\..\Classes\TestFacebookUser\TestFacebookUserScene.cpp">
      <Filter>Classes\TestFacebookUser</Filter>
    </ClCompile>
    <ClCompile Include="$(MSBuildThisFileDirectory)..\..\Classes\TestIAP\MyPurchase.cpp">
      <Filter>Classes\TestIAP</Filter>
    </ClCompile>
    <ClCompile Include="$(MSBuildThisFileDirectory)..\..\Classes\TestIAP\TestIAPScene.cpp">
      <Filter>Classes\TestIAP</Filter>
    </ClCompile>
    <ClCompile Include="$(MSBuildThisFileDirectory)..\..\Classes\TestIAPOnline\MyIAPOLManager.cpp">
      <Filter>Classes\TestIAPOnline</Filter>
    </ClCompile>
    <ClCompile Include="$(MSBuildThisFileDirectory)..\..\Classes\TestIAPOnline\TestIAPOnlineScene.cpp">
      <Filter>Classes\TestIAPOnline</Filter>
    </ClCompile>
    <ClCompile Include="$(MSBuildThisFileDirectory)..\..\Classes\TestShare\MyShareManager.cpp">
      <Filter>Classes\TestShare</Filter>
    </ClCompile>
    <ClCompile Include="$(MSBuildThisFileDirectory)..\..\Classes\TestShare\TestShareScene.cpp">
      <Filter>Classes\TestShare</Filter>
    </ClCompile>
    <ClCompile Include="$(MSBuildThisFileDirectory)..\..\Classes\TestSocial\MySocialManager.cpp">
      <Filter>Classes\TestSocial</Filter>
    </ClCompile>
    <ClCompile Include="$(MSBuildThisFileDirectory)..\..\Classes\TestSocial\TestSocialScene.cpp">
      <Filter>Classes\TestSocial</Filter>
    </ClCompile>
    <ClCompile Include="$(MSBuildThisFileDirectory)..\..\Classes\TestUser\MyUserManager.cpp">
      <Filter>Classes\TestUser</Filter>
    </ClCompile>
    <ClCompile Include="$(MSBuildThisFileDirectory)..\..\Classes\TestUser\TestUserScene.cpp">
      <Filter>Classes\TestUser</Filter>
    </ClCompile>
  </ItemGroup>
  <ItemGroup>
    <ApplicationDefinition Include="$(MSBuildThisFileDirectory)App.xaml" />
  </ItemGroup>
  <ItemGroup>
    <Filter Include="Classes">
      <UniqueIdentifier>{38ad799c-8c3c-44a2-8e41-516c8f62f556}</UniqueIdentifier>
    </Filter>
    <Filter Include="Classes\TestAds">
      <UniqueIdentifier>{b5c6313f-eb03-4dd1-8dea-3b8e020c494b}</UniqueIdentifier>
    </Filter>
    <Filter Include="Classes\TestAnalytics">
      <UniqueIdentifier>{3aca98d7-34aa-4342-8923-fff8496324b5}</UniqueIdentifier>
    </Filter>
    <Filter Include="Classes\TestFacebookShare">
      <UniqueIdentifier>{be75d517-9524-46f0-b617-3be41b1ed632}</UniqueIdentifier>
    </Filter>
    <Filter Include="Classes\TestFacebookUser">
      <UniqueIdentifier>{4563270d-e20d-4749-9490-0a1e9631ead5}</UniqueIdentifier>
    </Filter>
    <Filter Include="Classes\TestIAP">
      <UniqueIdentifier>{29b9f4f0-a1fb-48b4-950d-3afcec68857c}</UniqueIdentifier>
    </Filter>
    <Filter Include="Classes\TestIAPOnline">
      <UniqueIdentifier>{3ae9d3cd-b0b0-49b6-a3c2-0be4f02d01ff}</UniqueIdentifier>
    </Filter>
    <Filter Include="Classes\TestShare">
      <UniqueIdentifier>{f5de7efa-d29f-47b0-81ed-b1fcefd6c139}</UniqueIdentifier>
    </Filter>
    <Filter Include="Classes\TestSocial">
      <UniqueIdentifier>{659dae6b-70bd-4dc8-bec5-190464087a60}</UniqueIdentifier>
    </Filter>
    <Filter Include="Classes\TestUser">
      <UniqueIdentifier>{f81672de-b692-4d65-9c9d-d1c1cc1db026}</UniqueIdentifier>
    </Filter>
  </ItemGroup>
  <ItemGroup>
    <ClInclude Include="$(MSBuildThisFileDirectory)OpenGLES.h" />
    <ClInclude Include="$(MSBuildThisFileDirectory)OpenGLESPage.xaml.h" />
    <ClInclude Include="$(MSBuildThisFileDirectory)..\..\Classes\AppDelegate.h">
      <Filter>Classes</Filter>
    </ClInclude>
    <ClInclude Include="$(MSBuildThisFileDirectory)..\..\Classes\AppMacros.h">
      <Filter>Classes</Filter>
    </ClInclude>
    <ClInclude Include="$(MSBuildThisFileDirectory)..\..\Classes\Configs.h">
      <Filter>Classes</Filter>
    </ClInclude>
    <ClInclude Include="$(MSBuildThisFileDirectory)..\..\Classes\HelloWorldScene.h">
      <Filter>Classes</Filter>
    </ClInclude>
    <ClInclude Include="$(MSBuildThisFileDirectory)..\..\Classes\TestAds\TestAdsScene.h">
      <Filter>Classes\TestAds</Filter>
    </ClInclude>
    <ClInclude Include="$(MSBuildThisFileDirectory)..\..\Classes\TestAnalytics\TestAnalyticsScene.h">
      <Filter>Classes\TestAnalytics</Filter>
    </ClInclude>
    <ClInclude Include="$(MSBuildThisFileDirectory)..\..\Classes\TestFacebookShare\TestFacebookShare.h">
      <Filter>Classes\TestFacebookShare</Filter>
    </ClInclude>
    <ClInclude Include="$(MSBuildThisFileDirectory)..\..\Classes\TestFacebookUser\TestFacebookUserScene.h">
      <Filter>Classes\TestFacebookUser</Filter>
    </ClInclude>
    <ClInclude Include="$(MSBuildThisFileDirectory)..\..\Classes\TestIAP\MyPurchase.h">
      <Filter>Classes\TestIAP</Filter>
    </ClInclude>
    <ClInclude Include="$(MSBuildThisFileDirectory)..\..\Classes\TestIAP\TestIAPScene.h">
      <Filter>Classes\TestIAP</Filter>
    </ClInclude>
    <ClInclude Include="$(MSBuildThisFileDirectory)..\..\Classes\TestIAPOnline\MyIAPOLManager.h">
      <Filter>Classes\TestIAPOnline</Filter>
    </ClInclude>
    <ClInclude Include="$(MSBuildThisFileDirectory)..\..\Classes\TestIAPOnline\TestIAPOnlineScene.h">
      <Filter>Classes\TestIAPOnline</Filter>
    </ClInclude>
    <ClInclude Include="$(MSBuildThisFileDirectory)..\..\Classes\TestShare\MyShareManager.h">
      <Filter>Classes\TestShare</Filter>
    </ClInclude>
    <ClInclude Include="$(MSBuildThisFileDirectory)..\..\Classes\TestShare\TestShareScene.h">
      <Filter>Classes\TestShare</Filter>
    </ClInclude>
    <ClInclude Include="$(MSBuildThisFileDirectory)..\..\Classes\TestSocial\MySocialManager.h">
      <Filter>Classes\TestSocial</Filter>
    </ClInclude>
    <ClInclude Include="$(MSBuildThisFileDirectory)..\..\Classes\TestSocial\TestSocialScene.h">
      <Filter>Classes\TestSocial</Filter>
    </ClInclude>
    <ClInclude Include="$(MSBuildThisFileDirectory)..\..\Classes\TestUser\MyUserManager.h">
      <Filter>Classes\TestUser</Filter>
    </ClInclude>
    <ClInclude Include="$(MSBuildThisFileDirectory)..\..\Classes\TestUser\TestUserScene.h">
      <Filter>Classes\TestUser</Filter>
    </ClInclude>
  </ItemGroup>
  <ItemGroup>
    <Page Include="$(MSBuildThisFileDirectory)OpenGLESPage.xaml" />
  </ItemGroup>
  <ItemGroup>
    <Xml Include="$(MSBuildThisFileDirectory)WindowsStoreProxy.xml" />
  </ItemGroup>
</Project>