Microsoft Visual Studio Solution File, Format Version 12.00
# Visual Studio 2013
VisualStudioVersion = 12.0.31101.0
MinimumVisualStudioVersion = 12.0.21005.1
Project("{2150E333-8FDC-42A3-9474-1A3956D46DE8}") = "HelloPlugins", "HelloPlugins", "{36AFDE04-D127-4D84-9730-D84E3E51EAA7}"
EndProject
Project("{8BC9CEB8-8B4A-11D0-8D11-00A0C91BC942}") = "HelloPlugins.Shared", "App.Shared\HelloPlugins.Shared.vcxitems", "{A3AD93E4-0B2F-4C58-9181-69BED2E42E3E}"
EndProject
Project("{8BC9CEB8-8B4A-11D0-8D11-00A0C91BC942}") = "HelloPlugins.Windows", "App.Windows\HelloPlugins.Windows.vcxproj", "{79A8FCDA-4B12-4DD1-B676-FF148D651638}"
EndProject
Project("{8BC9CEB8-8B4A-11D0-8D11-00A0C91BC942}") = "HelloPlugins.WindowsPhone", "App.WindowsPhone\HelloPlugins.WindowsPhone.vcxproj", "{396FE85E-BB05-4B92-BCCB-F89AED4EA41A}"
EndProject
Project("{2150E333-8FDC-42A3-9474-1A3956D46DE8}") = "libcocos2d", "libcocos2d", "{80DA05C1-6532-4D2A-8606-EF02079B1373}"
EndProject
Project("{2150E333-8FDC-42A3-9474-1A3956D46DE8}") = "External", "External", "{F13CB4F7-BEE5-4368-A815-A971797387D8}"
EndProject
Project("{2150E333-8FDC-42A3-9474-1A3956D46DE8}") = "libbox2d", "libbox2d", "{626C3EB8-F53B-41D0-BEA8-44EACAA1228C}"
EndProject
Project("{2150E333-8FDC-42A3-9474-1A3956D46DE8}") = "libSpine", "libSpine", "{D0E32B77-3B4F-44F8-AEBC-12EE8BBF1783}"
EndProject
Project("{8BC9CEB8-8B4A-11D0-8D11-00A0C91BC942}") = "libbox2d.Shared", "..\cocos2d\external\Box2D\proj.win8.1-universal\libbox2d.Shared\libbox2d.Shared.vcxitems", "{4A3C6BA8-C227-498B-AA21-40BDA27B461F}"
EndProject
Project("{8BC9CEB8-8B4A-11D0-8D11-00A0C91BC942}") = "libbox2d.Windows", "..\cocos2d\external\Box2D\proj.win8.1-universal\libbox2d.Windows\libbox2d.Windows.vcxproj", "{3B26A12D-3A44-47EA-82D2-282660FC844D}"
EndProject
Project("{8BC9CEB8-8B4A-11D0-8D11-00A0C91BC942}") = "libbox2d.WindowsPhone", "..\cocos2d\external\Box2D\proj.win8.1-universal\libbox2d.WindowsPhone\libbox2d.WindowsPhone.vcxproj", "{22F798D8-BFFF-4754-996F-A5395343D5EC}"
EndProject
Project("{8BC9CEB8-8B4A-11D0-8D11-00A0C91BC942}") = "libSpine.Shared", "..\cocos2d\cocos\editor-support\spine\proj.win8.1-universal\libSpine.Shared\libSpine.Shared.vcxitems", "{ADAFD00D-A0D6-46EF-9F0B-EA2880BFE1DE}"
EndProject
Project("{8BC9CEB8-8B4A-11D0-8D11-00A0C91BC942}") = "libSpine.Windows", "..\cocos2d\cocos\editor-support\spine\proj.win8.1-universal\libSpine.Windows\libSpine.Windows.vcxproj", "{F3550FE0-C795-44F6-8FEB-093EB68143AE}"
EndProject
Project("{8BC9CEB8-8B4A-11D0-8D11-00A0C91BC942}") = "libSpine.WindowsPhone", "..\cocos2d\cocos\editor-support\spine\proj.win8.1-universal\libSpine.WindowsPhone\libSpine.WindowsPhone.vcxproj", "{CC1DA216-A80D-4BE4-B309-ACB6AF313AFF}"
EndProject
Project("{8BC9CEB8-8B4A-11D0-8D11-00A0C91BC942}") = "libcocos2d_8_1.Shared", "..\cocos2d\cocos\2d\libcocos2d_8_1\libcocos2d_8_1\libcocos2d_8_1.Shared\libcocos2d_8_1.Shared.vcxitems", "{5D6F020F-7E72-4494-90A0-2DF11D235DF9}"
EndProject
Project("{8BC9CEB8-8B4A-11D0-8D11-00A0C91BC942}") = "libcocos2d_8_1.Windows", "..\cocos2d\cocos\2d\libcocos2d_8_1\libcocos2d_8_1\libcocos2d_8_1.Windows\libcocos2d_8_1.Windows.vcxproj", "{9335005F-678E-4E8E-9B84-50037216AEC8}"
EndProject
Project("{8BC9CEB8-8B4A-11D0-8D11-00A0C91BC942}") = "libcocos2d_8_1.WindowsPhone", "..\cocos2d\cocos\2d\libcocos2d_8_1\libcocos2d_8_1\libcocos2d_8_1.WindowsPhone\libcocos2d_8_1.WindowsPhone.vcxproj", "{22F3B9DF-1209-4574-8331-003966F562BF}"
EndProject
Project("{2150E333-8FDC-42A3-9474-1A3956D46DE8}") = "cocosWinrtPluginBridge", "cocosWinrtPluginBridge", "{142213BE-1D23-4F2E-8AF5-E404CFA2A858}"
EndProject
Project("{8BC9CEB8-8B4A-11D0-8D11-00A0C91BC942}") = "cocosPluginWinrtBridge.Shared", "..\cocos2d\plugin\protocols\platform\winrt\cocosPluginWinrtBridge\cocosPluginWinrtBridge\cocosPluginWinrtBridge.Shared\cocosPluginWinrtBridge.Shared.vcxitems", "{1B37C3CE-088D-4277-B750-3A1CBEB1884A}"
EndProject
Project("{8BC9CEB8-8B4A-11D0-8D11-00A0C91BC942}") = "cocosPluginWinrtBridge.Windows", "..\cocos2d\plugin\protocols\platform\winrt\cocosPluginWinrtBridge\cocosPluginWinrtBridge\cocosPluginWinrtBridge.Windows\cocosPluginWinrtBridge.Windows.vcxproj", "{491F4851-92BA-4AC1-9A80-241E1FF13229}"
EndProject
Project("{8BC9CEB8-8B4A-11D0-8D11-00A0C91BC942}") = "cocosPluginWinrtBridge.WindowsPhone", "..\cocos2d\plugin\protocols\platform\winrt\cocosPluginWinrtBridge\cocosPluginWinrtBridge\cocosPluginWinrtBridge.WindowsPhone\cocosPluginWinrtBridge.WindowsPhone.vcxproj", "{35ACD56C-DEE1-477B-BEC0-C963C7937623}"
EndProject
Project("{2150E333-8FDC-42A3-9474-1A3956D46DE8}") = "plugins", "plugins", "{00658368-B9AF-49CB-9D5E-E0409B686F89}"
EndProject
Project("{2150E333-8FDC-42A3-9474-1A3956D46DE8}") = "microsoftiap", "microsoftiap", "{ABBFE473-9A29-4FF2-9B1E-961AB70A7998}"
EndProject
Project("{8BC9CEB8-8B4A-11D0-8D11-00A0C91BC942}") = "microsoftiap.Shared", "..\..\..\plugins\microsoftiap\proj.win8.1-universal\microsoftiap\microsoftiap.Shared\microsoftiap.Shared.vcxitems", "{3921BC09-4ECA-41E9-97B4-E0DBF8616776}"
EndProject
Project("{8BC9CEB8-8B4A-11D0-8D11-00A0C91BC942}") = "microsoftiap.Windows", "..\..\..\plugins\microsoftiap\proj.win8.1-universal\microsoftiap\microsoftiap.Windows\microsoftiap.Windows.vcxproj", "{E6B464CA-8F8B-420A-BC4C-C1F7C1297FA7}"
EndProject
Project("{8BC9CEB8-8B4A-11D0-8D11-00A0C91BC942}") = "microsoftiap.WindowsPhone", "..\..\..\plugins\microsoftiap\proj.win8.1-universal\microsoftiap\microsoftiap.WindowsPhone\microsoftiap.WindowsPhone.vcxproj", "{0852A95A-5A0D-401E-B815-1B52342C5F9C}"
EndProject
Project("{2150E333-8FDC-42A3-9474-1A3956D46DE8}") = "pluginx", "pluginx", "{B61EB703-8285-4DC6-841F-B81FE087C9F5}"
EndProject
Project("{8BC9CEB8-8B4A-11D0-8D11-00A0C91BC942}") = "pluginx.Shared", "..\..\..\protocols\proj.win8.1-universal\pluginx\pluginx.Shared\pluginx.Shared.vcxitems", "{5419E2CA-4B8F-411D-B6B1-54C415ED17B0}"
EndProject
Project("{8BC9CEB8-8B4A-11D0-8D11-00A0C91BC942}") = "pluginx.Windows", "..\..\..\protocols\proj.win8.1-universal\pluginx\pluginx.Windows\pluginx.Windows.vcxproj", "{C954925A-1A55-49EE-B1BE-AECCED3F08BF}"
EndProject
Project("{8BC9CEB8-8B4A-11D0-8D11-00A0C91BC942}") = "pluginx.WindowsPhone", "..\..\..\protocols\proj.win8.1-universal\pluginx\pluginx.WindowsPhone\pluginx.WindowsPhone.vcxproj", "{B9AA6C29-72BC-4607-9F0C-8A68FE84EE0E}"
EndProject
Project("{2150E333-8FDC-42A3-9474-1A3956D46DE8}") = "libbullet", "libbullet", "{CA3A38EB-5E7B-4B75-91CD-AA00D14C9AF1}"
EndProject
Project("{8BC9CEB8-8B4A-11D0-8D11-00A0C91BC942}") = "libbullet.Shared", "..\cocos2d\external\bullet\proj.win8.1-universal\libbullet.Shared\libbullet.Shared.vcxitems", "{16AF311F-74CA-45A3-A82D-6334200FB124}"
EndProject
Project("{8BC9CEB8-8B4A-11D0-8D11-00A0C91BC942}") = "libbullet.Windows", "..\cocos2d\external\bullet\proj.win8.1-universal\libbullet.Windows\libbullet.Windows.vcxproj", "{EC2B1292-2D8C-4FEB-A84B-2550B32C1AE7}"
EndProject
Project("{8BC9CEB8-8B4A-11D0-8D11-00A0C91BC942}") = "libbullet.WindowsPhone", "..\cocos2d\external\bullet\proj.win8.1-universal\libbullet.WindowsPhone\libbullet.WindowsPhone.vcxproj", "{E35634BD-B91B-4A6D-B957-96F56DD065F9}"
EndProject
Global
	GlobalSection(SharedMSBuildProjectFiles) = preSolution
		..\..\..\plugins\microsoftiap\proj.win8.1-universal\microsoftiap\microsoftiap.Shared\microsoftiap.Shared.vcxitems*{3921bc09-4eca-41e9-97b4-e0dbf8616776}*SharedItemsImports = 9
		..\cocos2d\cocos\2d\libcocos2d_8_1\libcocos2d_8_1\libcocos2d_8_1.Shared\libcocos2d_8_1.Shared.vcxitems*{9335005f-678e-4e8e-9b84-50037216aec8}*SharedItemsImports = 4
		..\..\..\plugins\microsoftiap\proj.win8.1-universal\microsoftiap\microsoftiap.Shared\microsoftiap.Shared.vcxitems*{e6b464ca-8f8b-420a-bc4c-c1f7c1297fa7}*SharedItemsImports = 4
		App.Shared\HelloPlugins.Shared.vcxitems*{a3ad93e4-0b2f-4c58-9181-69bed2e42e3e}*SharedItemsImports = 9
		..\cocos2d\cocos\editor-support\spine\proj.win8.1-universal\libSpine.Shared\libSpine.Shared.vcxitems*{cc1da216-a80d-4be4-b309-acb6af313aff}*SharedItemsImports = 4
		..\cocos2d\external\Box2D\proj.win8.1-universal\libbox2d.Shared\libbox2d.Shared.vcxitems*{4a3c6ba8-c227-498b-aa21-40bda27b461f}*SharedItemsImports = 9
		..\cocos2d\external\bullet\proj.win8.1-universal\libbullet.Shared\libbullet.Shared.vcxitems*{e35634bd-b91b-4a6d-b957-96f56dd065f9}*SharedItemsImports = 4
		App.Shared\HelloPlugins.Shared.vcxitems*{79a8fcda-4b12-4dd1-b676-ff148d651638}*SharedItemsImports = 4
		..\cocos2d\external\bullet\proj.win8.1-universal\libbullet.Shared\libbullet.Shared.vcxitems*{ec2b1292-2d8c-4feb-a84b-2550b32c1ae7}*SharedItemsImports = 4
		..\cocos2d\cocos\editor-support\spine\proj.win8.1-universal\libSpine.Shared\libSpine.Shared.vcxitems*{adafd00d-a0d6-46ef-9f0b-ea2880bfe1de}*SharedItemsImports = 9
		..\cocos2d\plugin\protocols\platform\winrt\cocosPluginWinrtBridge\cocosPluginWinrtBridge\cocosPluginWinrtBridge.Shared\cocosPluginWinrtBridge.Shared.vcxitems*{491f4851-92ba-4ac1-9a80-241e1ff13229}*SharedItemsImports = 4
		..\cocos2d\external\bullet\proj.win8.1-universal\libbullet.Shared\libbullet.Shared.vcxitems*{16af311f-74ca-45a3-a82d-6334200fb124}*SharedItemsImports = 9
		..\cocos2d\cocos\2d\libcocos2d_8_1\libcocos2d_8_1\libcocos2d_8_1.Shared\libcocos2d_8_1.Shared.vcxitems*{5d6f020f-7e72-4494-90a0-2df11d235df9}*SharedItemsImports = 9
		..\cocos2d\plugin\protocols\platform\winrt\cocosPluginWinrtBridge\cocosPluginWinrtBridge\cocosPluginWinrtBridge.Shared\cocosPluginWinrtBridge.Shared.vcxitems*{35acd56c-dee1-477b-bec0-c963c7937623}*SharedItemsImports = 4
		..\cocos2d\external\Box2D\proj.win8.1-universal\libbox2d.Shared\libbox2d.Shared.vcxitems*{3b26a12d-3a44-47ea-82d2-282660fc844d}*SharedItemsImports = 4
		..\cocos2d\plugin\protocols\platform\winrt\cocosPluginWinrtBridge\cocosPluginWinrtBridge\cocosPluginWinrtBridge.Shared\cocosPluginWinrtBridge.Shared.vcxitems*{1b37c3ce-088d-4277-b750-3a1cbeb1884a}*SharedItemsImports = 9
		..\cocos2d\cocos\2d\libcocos2d_8_1\libcocos2d_8_1\libcocos2d_8_1.Shared\libcocos2d_8_1.Shared.vcxitems*{22f3b9df-1209-4574-8331-003966f562bf}*SharedItemsImports = 4
		..\cocos2d\external\Box2D\proj.win8.1-universal\libbox2d.Shared\libbox2d.Shared.vcxitems*{22f798d8-bfff-4754-996f-a5395343d5ec}*SharedItemsImports = 4
		..\cocos2d\cocos\editor-support\spine\proj.win8.1-universal\libSpine.Shared\libSpine.Shared.vcxitems*{f3550fe0-c795-44f6-8feb-093eb68143ae}*SharedItemsImports = 4
		..\..\..\protocols\proj.win8.1-universal\pluginx\pluginx.Shared\pluginx.Shared.vcxitems*{b9aa6c29-72bc-4607-9f0c-8a68fe84ee0e}*SharedItemsImports = 4
		..\..\..\plugins\microsoftiap\proj.win8.1-universal\microsoftiap\microsoftiap.Shared\microsoftiap.Shared.vcxitems*{0852a95a-5a0d-401e-b815-1b52342c5f9c}*SharedItemsImports = 4
		..\..\..\protocols\proj.win8.1-universal\pluginx\pluginx.Shared\pluginx.Shared.vcxitems*{5419e2ca-4b8f-411d-b6b1-54c415ed17b0}*SharedItemsImports = 9
		App.Shared\HelloPlugins.Shared.vcxitems*{396fe85e-bb05-4b92-bccb-f89aed4ea41a}*SharedItemsImports = 4
		..\..\..\protocols\proj.win8.1-universal\pluginx\pluginx.Shared\pluginx.Shared.vcxitems*{c954925a-1a55-49ee-b1be-aecced3f08bf}*SharedItemsImports = 4
	EndGlobalSection
	GlobalSection(SolutionConfigurationPlatforms) = preSolution
		Debug|ARM = Debug|ARM
		Debug|Win32 = Debug|Win32
		Debug|x64 = Debug|x64
		Release|ARM = Release|ARM
		Release|Win32 = Release|Win32
		Release|x64 = Release|x64
	EndGlobalSection
	GlobalSection(ProjectConfigurationPlatforms) = postSolution
		{79A8FCDA-4B12-4DD1-B676-FF148D651638}.Debug|ARM.ActiveCfg = Debug|ARM
		{79A8FCDA-4B12-4DD1-B676-FF148D651638}.Debug|ARM.Build.0 = Debug|ARM
		{79A8FCDA-4B12-4DD1-B676-FF148D651638}.Debug|ARM.Deploy.0 = Debug|ARM
		{79A8FCDA-4B12-4DD1-B676-FF148D651638}.Debug|Win32.ActiveCfg = Debug|Win32
		{79A8FCDA-4B12-4DD1-B676-FF148D651638}.Debug|Win32.Build.0 = Debug|Win32
		{79A8FCDA-4B12-4DD1-B676-FF148D651638}.Debug|Win32.Deploy.0 = Debug|Win32
		{79A8FCDA-4B12-4DD1-B676-FF148D651638}.Debug|x64.ActiveCfg = Debug|x64
		{79A8FCDA-4B12-4DD1-B676-FF148D651638}.Debug|x64.Build.0 = Debug|x64
		{79A8FCDA-4B12-4DD1-B676-FF148D651638}.Debug|x64.Deploy.0 = Debug|x64
		{79A8FCDA-4B12-4DD1-B676-FF148D651638}.Release|ARM.ActiveCfg = Release|ARM
		{79A8FCDA-4B12-4DD1-B676-FF148D651638}.Release|ARM.Build.0 = Release|ARM
		{79A8FCDA-4B12-4DD1-B676-FF148D651638}.Release|ARM.Deploy.0 = Release|ARM
		{79A8FCDA-4B12-4DD1-B676-FF148D651638}.Release|Win32.ActiveCfg = Release|Win32
		{79A8FCDA-4B12-4DD1-B676-FF148D651638}.Release|Win32.Build.0 = Release|Win32
		{79A8FCDA-4B12-4DD1-B676-FF148D651638}.Release|Win32.Deploy.0 = Release|Win32
		{79A8FCDA-4B12-4DD1-B676-FF148D651638}.Release|x64.ActiveCfg = Release|x64
		{79A8FCDA-4B12-4DD1-B676-FF148D651638}.Release|x64.Build.0 = Release|x64
		{79A8FCDA-4B12-4DD1-B676-FF148D651638}.Release|x64.Deploy.0 = Release|x64
		{396FE85E-BB05-4B92-BCCB-F89AED4EA41A}.Debug|ARM.ActiveCfg = Debug|ARM
		{396FE85E-BB05-4B92-BCCB-F89AED4EA41A}.Debug|ARM.Build.0 = Debug|ARM
		{396FE85E-BB05-4B92-BCCB-F89AED4EA41A}.Debug|ARM.Deploy.0 = Debug|ARM
		{396FE85E-BB05-4B92-BCCB-F89AED4EA41A}.Debug|Win32.ActiveCfg = Debug|Win32
		{396FE85E-BB05-4B92-BCCB-F89AED4EA41A}.Debug|Win32.Build.0 = Debug|Win32
		{396FE85E-BB05-4B92-BCCB-F89AED4EA41A}.Debug|Win32.Deploy.0 = Debug|Win32
		{396FE85E-BB05-4B92-BCCB-F89AED4EA41A}.Debug|x64.ActiveCfg = Debug|Win32
		{396FE85E-BB05-4B92-BCCB-F89AED4EA41A}.Release|ARM.ActiveCfg = Release|ARM
		{396FE85E-BB05-4B92-BCCB-F89AED4EA41A}.Release|ARM.Build.0 = Release|ARM
		{396FE85E-BB05-4B92-BCCB-F89AED4EA41A}.Release|ARM.Deploy.0 = Release|ARM
		{396FE85E-BB05-4B92-BCCB-F89AED4EA41A}.Release|Win32.ActiveCfg = Release|Win32
		{396FE85E-BB05-4B92-BCCB-F89AED4EA41A}.Release|Win32.Build.0 = Release|Win32
		{396FE85E-BB05-4B92-BCCB-F89AED4EA41A}.Release|Win32.Deploy.0 = Release|Win32
		{396FE85E-BB05-4B92-BCCB-F89AED4EA41A}.Release|x64.ActiveCfg = Release|Win32
		{3B26A12D-3A44-47EA-82D2-282660FC844D}.Debug|ARM.ActiveCfg = Debug|ARM
		{3B26A12D-3A44-47EA-82D2-282660FC844D}.Debug|ARM.Build.0 = Debug|ARM
		{3B26A12D-3A44-47EA-82D2-282660FC844D}.Debug|Win32.ActiveCfg = Debug|Win32
		{3B26A12D-3A44-47EA-82D2-282660FC844D}.Debug|Win32.Build.0 = Debug|Win32
		{3B26A12D-3A44-47EA-82D2-282660FC844D}.Debug|x64.ActiveCfg = Debug|x64
		{3B26A12D-3A44-47EA-82D2-282660FC844D}.Debug|x64.Build.0 = Debug|x64
		{3B26A12D-3A44-47EA-82D2-282660FC844D}.Release|ARM.ActiveCfg = Release|ARM
		{3B26A12D-3A44-47EA-82D2-282660FC844D}.Release|ARM.Build.0 = Release|ARM
		{3B26A12D-3A44-47EA-82D2-282660FC844D}.Release|Win32.ActiveCfg = Release|Win32
		{3B26A12D-3A44-47EA-82D2-282660FC844D}.Release|Win32.Build.0 = Release|Win32
		{3B26A12D-3A44-47EA-82D2-282660FC844D}.Release|x64.ActiveCfg = Release|x64
		{3B26A12D-3A44-47EA-82D2-282660FC844D}.Release|x64.Build.0 = Release|x64
		{22F798D8-BFFF-4754-996F-A5395343D5EC}.Debug|ARM.ActiveCfg = Debug|ARM
		{22F798D8-BFFF-4754-996F-A5395343D5EC}.Debug|ARM.Build.0 = Debug|ARM
		{22F798D8-BFFF-4754-996F-A5395343D5EC}.Debug|Win32.ActiveCfg = Debug|Win32
		{22F798D8-BFFF-4754-996F-A5395343D5EC}.Debug|Win32.Build.0 = Debug|Win32
		{22F798D8-BFFF-4754-996F-A5395343D5EC}.Debug|x64.ActiveCfg = Debug|Win32
		{22F798D8-BFFF-4754-996F-A5395343D5EC}.Release|ARM.ActiveCfg = Release|ARM
		{22F798D8-BFFF-4754-996F-A5395343D5EC}.Release|ARM.Build.0 = Release|ARM
		{22F798D8-BFFF-4754-996F-A5395343D5EC}.Release|Win32.ActiveCfg = Release|Win32
		{22F798D8-BFFF-4754-996F-A5395343D5EC}.Release|Win32.Build.0 = Release|Win32
		{22F798D8-BFFF-4754-996F-A5395343D5EC}.Release|x64.ActiveCfg = Release|Win32
		{F3550FE0-C795-44F6-8FEB-093EB68143AE}.Debug|ARM.ActiveCfg = Debug|ARM
		{F3550FE0-C795-44F6-8FEB-093EB68143AE}.Debug|ARM.Build.0 = Debug|ARM
		{F3550FE0-C795-44F6-8FEB-093EB68143AE}.Debug|Win32.ActiveCfg = Debug|Win32
		{F3550FE0-C795-44F6-8FEB-093EB68143AE}.Debug|Win32.Build.0 = Debug|Win32
		{F3550FE0-C795-44F6-8FEB-093EB68143AE}.Debug|x64.ActiveCfg = Debug|x64
		{F3550FE0-C795-44F6-8FEB-093EB68143AE}.Debug|x64.Build.0 = Debug|x64
		{F3550FE0-C795-44F6-8FEB-093EB68143AE}.Release|ARM.ActiveCfg = Release|ARM
		{F3550FE0-C795-44F6-8FEB-093EB68143AE}.Release|ARM.Build.0 = Release|ARM
		{F3550FE0-C795-44F6-8FEB-093EB68143AE}.Release|Win32.ActiveCfg = Release|Win32
		{F3550FE0-C795-44F6-8FEB-093EB68143AE}.Release|Win32.Build.0 = Release|Win32
		{F3550FE0-C795-44F6-8FEB-093EB68143AE}.Release|x64.ActiveCfg = Release|x64
		{F3550FE0-C795-44F6-8FEB-093EB68143AE}.Release|x64.Build.0 = Release|x64
		{CC1DA216-A80D-4BE4-B309-ACB6AF313AFF}.Debug|ARM.ActiveCfg = Debug|ARM
		{CC1DA216-A80D-4BE4-B309-ACB6AF313AFF}.Debug|ARM.Build.0 = Debug|ARM
		{CC1DA216-A80D-4BE4-B309-ACB6AF313AFF}.Debug|Win32.ActiveCfg = Debug|Win32
		{CC1DA216-A80D-4BE4-B309-ACB6AF313AFF}.Debug|Win32.Build.0 = Debug|Win32
		{CC1DA216-A80D-4BE4-B309-ACB6AF313AFF}.Debug|x64.ActiveCfg = Debug|Win32
		{CC1DA216-A80D-4BE4-B309-ACB6AF313AFF}.Release|ARM.ActiveCfg = Release|ARM
		{CC1DA216-A80D-4BE4-B309-ACB6AF313AFF}.Release|ARM.Build.0 = Release|ARM
		{CC1DA216-A80D-4BE4-B309-ACB6AF313AFF}.Release|Win32.ActiveCfg = Release|Win32
		{CC1DA216-A80D-4BE4-B309-ACB6AF313AFF}.Release|Win32.Build.0 = Release|Win32
		{CC1DA216-A80D-4BE4-B309-ACB6AF313AFF}.Release|x64.ActiveCfg = Release|Win32
		{9335005F-678E-4E8E-9B84-50037216AEC8}.Debug|ARM.ActiveCfg = Debug|ARM
		{9335005F-678E-4E8E-9B84-50037216AEC8}.Debug|ARM.Build.0 = Debug|ARM
		{9335005F-678E-4E8E-9B84-50037216AEC8}.Debug|Win32.ActiveCfg = Debug|Win32
		{9335005F-678E-4E8E-9B84-50037216AEC8}.Debug|Win32.Build.0 = Debug|Win32
		{9335005F-678E-4E8E-9B84-50037216AEC8}.Debug|x64.ActiveCfg = Debug|x64
		{9335005F-678E-4E8E-9B84-50037216AEC8}.Debug|x64.Build.0 = Debug|x64
		{9335005F-678E-4E8E-9B84-50037216AEC8}.Release|ARM.ActiveCfg = Release|ARM
		{9335005F-678E-4E8E-9B84-50037216AEC8}.Release|ARM.Build.0 = Release|ARM
		{9335005F-678E-4E8E-9B84-50037216AEC8}.Release|Win32.ActiveCfg = Release|Win32
		{9335005F-678E-4E8E-9B84-50037216AEC8}.Release|Win32.Build.0 = Release|Win32
		{9335005F-678E-4E8E-9B84-50037216AEC8}.Release|x64.ActiveCfg = Release|x64
		{9335005F-678E-4E8E-9B84-50037216AEC8}.Release|x64.Build.0 = Release|x64
		{22F3B9DF-1209-4574-8331-003966F562BF}.Debug|ARM.ActiveCfg = Debug|ARM
		{22F3B9DF-1209-4574-8331-003966F562BF}.Debug|ARM.Build.0 = Debug|ARM
		{22F3B9DF-1209-4574-8331-003966F562BF}.Debug|Win32.ActiveCfg = Debug|Win32
		{22F3B9DF-1209-4574-8331-003966F562BF}.Debug|Win32.Build.0 = Debug|Win32
		{22F3B9DF-1209-4574-8331-003966F562BF}.Debug|x64.ActiveCfg = Debug|Win32
		{22F3B9DF-1209-4574-8331-003966F562BF}.Release|ARM.ActiveCfg = Release|ARM
		{22F3B9DF-1209-4574-8331-003966F562BF}.Release|ARM.Build.0 = Release|ARM
		{22F3B9DF-1209-4574-8331-003966F562BF}.Release|Win32.ActiveCfg = Release|Win32
		{22F3B9DF-1209-4574-8331-003966F562BF}.Release|Win32.Build.0 = Release|Win32
		{22F3B9DF-1209-4574-8331-003966F562BF}.Release|x64.ActiveCfg = Release|Win32
		{491F4851-92BA-4AC1-9A80-241E1FF13229}.Debug|ARM.ActiveCfg = Debug|ARM
		{491F4851-92BA-4AC1-9A80-241E1FF13229}.Debug|ARM.Build.0 = Debug|ARM
		{491F4851-92BA-4AC1-9A80-241E1FF13229}.Debug|Win32.ActiveCfg = Debug|Win32
		{491F4851-92BA-4AC1-9A80-241E1FF13229}.Debug|Win32.Build.0 = Debug|Win32
		{491F4851-92BA-4AC1-9A80-241E1FF13229}.Debug|x64.ActiveCfg = Debug|x64
		{491F4851-92BA-4AC1-9A80-241E1FF13229}.Debug|x64.Build.0 = Debug|x64
		{491F4851-92BA-4AC1-9A80-241E1FF13229}.Release|ARM.ActiveCfg = Release|ARM
		{491F4851-92BA-4AC1-9A80-241E1FF13229}.Release|ARM.Build.0 = Release|ARM
		{491F4851-92BA-4AC1-9A80-241E1FF13229}.Release|Win32.ActiveCfg = Release|Win32
		{491F4851-92BA-4AC1-9A80-241E1FF13229}.Release|Win32.Build.0 = Release|Win32
		{491F4851-92BA-4AC1-9A80-241E1FF13229}.Release|x64.ActiveCfg = Release|x64
		{491F4851-92BA-4AC1-9A80-241E1FF13229}.Release|x64.Build.0 = Release|x64
		{35ACD56C-DEE1-477B-BEC0-C963C7937623}.Debug|ARM.ActiveCfg = Debug|ARM
		{35ACD56C-DEE1-477B-BEC0-C963C7937623}.Debug|ARM.Build.0 = Debug|ARM
		{35ACD56C-DEE1-477B-BEC0-C963C7937623}.Debug|Win32.ActiveCfg = Debug|Win32
		{35ACD56C-DEE1-477B-BEC0-C963C7937623}.Debug|Win32.Build.0 = Debug|Win32
		{35ACD56C-DEE1-477B-BEC0-C963C7937623}.Debug|x64.ActiveCfg = Debug|Win32
		{35ACD56C-DEE1-477B-BEC0-C963C7937623}.Release|ARM.ActiveCfg = Release|ARM
		{35ACD56C-DEE1-477B-BEC0-C963C7937623}.Release|ARM.Build.0 = Release|ARM
		{35ACD56C-DEE1-477B-BEC0-C963C7937623}.Release|Win32.ActiveCfg = Release|Win32
		{35ACD56C-DEE1-477B-BEC0-C963C7937623}.Release|Win32.Build.0 = Release|Win32
		{35ACD56C-DEE1-477B-BEC0-C963C7937623}.Release|x64.ActiveCfg = Release|Win32
		{E6B464CA-8F8B-420A-BC4C-C1F7C1297FA7}.Debug|ARM.ActiveCfg = Debug|ARM
		{E6B464CA-8F8B-420A-BC4C-C1F7C1297FA7}.Debug|ARM.Build.0 = Debug|ARM
		{E6B464CA-8F8B-420A-BC4C-C1F7C1297FA7}.Debug|Win32.ActiveCfg = Debug|Win32
		{E6B464CA-8F8B-420A-BC4C-C1F7C1297FA7}.Debug|Win32.Build.0 = Debug|Win32
		{E6B464CA-8F8B-420A-BC4C-C1F7C1297FA7}.Debug|x64.ActiveCfg = Debug|x64
		{E6B464CA-8F8B-420A-BC4C-C1F7C1297FA7}.Debug|x64.Build.0 = Debug|x64
		{E6B464CA-8F8B-420A-BC4C-C1F7C1297FA7}.Release|ARM.ActiveCfg = Release|ARM
		{E6B464CA-8F8B-420A-BC4C-C1F7C1297FA7}.Release|ARM.Build.0 = Release|ARM
		{E6B464CA-8F8B-420A-BC4C-C1F7C1297FA7}.Release|Win32.ActiveCfg = Release|Win32
		{E6B464CA-8F8B-420A-BC4C-C1F7C1297FA7}.Release|Win32.Build.0 = Release|Win32
		{E6B464CA-8F8B-420A-BC4C-C1F7C1297FA7}.Release|x64.ActiveCfg = Release|x64
		{E6B464CA-8F8B-420A-BC4C-C1F7C1297FA7}.Release|x64.Build.0 = Release|x64
		{0852A95A-5A0D-401E-B815-1B52342C5F9C}.Debug|ARM.ActiveCfg = Debug|ARM
		{0852A95A-5A0D-401E-B815-1B52342C5F9C}.Debug|ARM.Build.0 = Debug|ARM
		{0852A95A-5A0D-401E-B815-1B52342C5F9C}.Debug|Win32.ActiveCfg = Debug|Win32
		{0852A95A-5A0D-401E-B815-1B52342C5F9C}.Debug|Win32.Build.0 = Debug|Win32
		{0852A95A-5A0D-401E-B815-1B52342C5F9C}.Debug|x64.ActiveCfg = Debug|Win32
		{0852A95A-5A0D-401E-B815-1B52342C5F9C}.Release|ARM.ActiveCfg = Release|ARM
		{0852A95A-5A0D-401E-B815-1B52342C5F9C}.Release|ARM.Build.0 = Release|ARM
		{0852A95A-5A0D-401E-B815-1B52342C5F9C}.Release|Win32.ActiveCfg = Release|Win32
		{0852A95A-5A0D-401E-B815-1B52342C5F9C}.Release|Win32.Build.0 = Release|Win32
		{0852A95A-5A0D-401E-B815-1B52342C5F9C}.Release|x64.ActiveCfg = Release|Win32
		{C954925A-1A55-49EE-B1BE-AECCED3F08BF}.Debug|ARM.ActiveCfg = Debug|ARM
		{C954925A-1A55-49EE-B1BE-AECCED3F08BF}.Debug|ARM.Build.0 = Debug|ARM
		{C954925A-1A55-49EE-B1BE-AECCED3F08BF}.Debug|Win32.ActiveCfg = Debug|Win32
		{C954925A-1A55-49EE-B1BE-AECCED3F08BF}.Debug|Win32.Build.0 = Debug|Win32
		{C954925A-1A55-49EE-B1BE-AECCED3F08BF}.Debug|x64.ActiveCfg = Debug|x64
		{C954925A-1A55-49EE-B1BE-AECCED3F08BF}.Debug|x64.Build.0 = Debug|x64
		{C954925A-1A55-49EE-B1BE-AECCED3F08BF}.Release|ARM.ActiveCfg = Release|ARM
		{C954925A-1A55-49EE-B1BE-AECCED3F08BF}.Release|ARM.Build.0 = Release|ARM
		{C954925A-1A55-49EE-B1BE-AECCED3F08BF}.Release|Win32.ActiveCfg = Release|Win32
		{C954925A-1A55-49EE-B1BE-AECCED3F08BF}.Release|Win32.Build.0 = Release|Win32
		{C954925A-1A55-49EE-B1BE-AECCED3F08BF}.Release|x64.ActiveCfg = Release|x64
		{C954925A-1A55-49EE-B1BE-AECCED3F08BF}.Release|x64.Build.0 = Release|x64
		{B9AA6C29-72BC-4607-9F0C-8A68FE84EE0E}.Debug|ARM.ActiveCfg = Debug|ARM
		{B9AA6C29-72BC-4607-9F0C-8A68FE84EE0E}.Debug|ARM.Build.0 = Debug|ARM
		{B9AA6C29-72BC-4607-9F0C-8A68FE84EE0E}.Debug|Win32.ActiveCfg = Debug|Win32
		{B9AA6C29-72BC-4607-9F0C-8A68FE84EE0E}.Debug|Win32.Build.0 = Debug|Win32
		{B9AA6C29-72BC-4607-9F0C-8A68FE84EE0E}.Debug|x64.ActiveCfg = Debug|Win32
		{B9AA6C29-72BC-4607-9F0C-8A68FE84EE0E}.Release|ARM.ActiveCfg = Release|ARM
		{B9AA6C29-72BC-4607-9F0C-8A68FE84EE0E}.Release|ARM.Build.0 = Release|ARM
		{B9AA6C29-72BC-4607-9F0C-8A68FE84EE0E}.Release|Win32.ActiveCfg = Release|Win32
		{B9AA6C29-72BC-4607-9F0C-8A68FE84EE0E}.Release|Win32.Build.0 = Release|Win32
		{B9AA6C29-72BC-4607-9F0C-8A68FE84EE0E}.Release|x64.ActiveCfg = Release|Win32
		{EC2B1292-2D8C-4FEB-A84B-2550B32C1AE7}.Debug|ARM.ActiveCfg = Debug|ARM
		{EC2B1292-2D8C-4FEB-A84B-2550B32C1AE7}.Debug|ARM.Build.0 = Debug|ARM
		{EC2B1292-2D8C-4FEB-A84B-2550B32C1AE7}.Debug|Win32.ActiveCfg = Debug|Win32
		{EC2B1292-2D8C-4FEB-A84B-2550B32C1AE7}.Debug|Win32.Build.0 = Debug|Win32
		{EC2B1292-2D8C-4FEB-A84B-2550B32C1AE7}.Debug|x64.ActiveCfg = Debug|x64
		{EC2B1292-2D8C-4FEB-A84B-2550B32C1AE7}.Debug|x64.Build.0 = Debug|x64
		{EC2B1292-2D8C-4FEB-A84B-2550B32C1AE7}.Release|ARM.ActiveCfg = Release|ARM
		{EC2B1292-2D8C-4FEB-A84B-2550B32C1AE7}.Release|ARM.Build.0 = Release|ARM
		{EC2B1292-2D8C-4FEB-A84B-2550B32C1AE7}.Release|Win32.ActiveCfg = Release|Win32
		{EC2B1292-2D8C-4FEB-A84B-2550B32C1AE7}.Release|Win32.Build.0 = Release|Win32
		{EC2B1292-2D8C-4FEB-A84B-2550B32C1AE7}.Release|x64.ActiveCfg = Release|x64
		{EC2B1292-2D8C-4FEB-A84B-2550B32C1AE7}.Release|x64.Build.0 = Release|x64
		{E35634BD-B91B-4A6D-B957-96F56DD065F9}.Debug|ARM.ActiveCfg = Debug|ARM
		{E35634BD-B91B-4A6D-B957-96F56DD065F9}.Debug|ARM.Build.0 = Debug|ARM
		{E35634BD-B91B-4A6D-B957-96F56DD065F9}.Debug|Win32.ActiveCfg = Debug|Win32
		{E35634BD-B91B-4A6D-B957-96F56DD065F9}.Debug|Win32.Build.0 = Debug|Win32
		{E35634BD-B91B-4A6D-B957-96F56DD065F9}.Debug|x64.ActiveCfg = Debug|Win32
		{E35634BD-B91B-4A6D-B957-96F56DD065F9}.Release|ARM.ActiveCfg = Release|ARM
		{E35634BD-B91B-4A6D-B957-96F56DD065F9}.Release|ARM.Build.0 = Release|ARM
		{E35634BD-B91B-4A6D-B957-96F56DD065F9}.Release|Win32.ActiveCfg = Release|Win32
		{E35634BD-B91B-4A6D-B957-96F56DD065F9}.Release|Win32.Build.0 = Release|Win32
		{E35634BD-B91B-4A6D-B957-96F56DD065F9}.Release|x64.ActiveCfg = Release|Win32
	EndGlobalSection
	GlobalSection(SolutionProperties) = preSolution
		HideSolutionNode = FALSE
	EndGlobalSection
	GlobalSection(NestedProjects) = preSolution
		{A3AD93E4-0B2F-4C58-9181-69BED2E42E3E} = {36AFDE04-D127-4D84-9730-D84E3E51EAA7}
		{79A8FCDA-4B12-4DD1-B676-FF148D651638} = {36AFDE04-D127-4D84-9730-D84E3E51EAA7}
		{396FE85E-BB05-4B92-BCCB-F89AED4EA41A} = {36AFDE04-D127-4D84-9730-D84E3E51EAA7}
		{626C3EB8-F53B-41D0-BEA8-44EACAA1228C} = {F13CB4F7-BEE5-4368-A815-A971797387D8}
		{D0E32B77-3B4F-44F8-AEBC-12EE8BBF1783} = {F13CB4F7-BEE5-4368-A815-A971797387D8}
		{4A3C6BA8-C227-498B-AA21-40BDA27B461F} = {626C3EB8-F53B-41D0-BEA8-44EACAA1228C}
		{3B26A12D-3A44-47EA-82D2-282660FC844D} = {626C3EB8-F53B-41D0-BEA8-44EACAA1228C}
		{22F798D8-BFFF-4754-996F-A5395343D5EC} = {626C3EB8-F53B-41D0-BEA8-44EACAA1228C}
		{ADAFD00D-A0D6-46EF-9F0B-EA2880BFE1DE} = {D0E32B77-3B4F-44F8-AEBC-12EE8BBF1783}
		{F3550FE0-C795-44F6-8FEB-093EB68143AE} = {D0E32B77-3B4F-44F8-AEBC-12EE8BBF1783}
		{CC1DA216-A80D-4BE4-B309-ACB6AF313AFF} = {D0E32B77-3B4F-44F8-AEBC-12EE8BBF1783}
		{5D6F020F-7E72-4494-90A0-2DF11D235DF9} = {80DA05C1-6532-4D2A-8606-EF02079B1373}
		{9335005F-678E-4E8E-9B84-50037216AEC8} = {80DA05C1-6532-4D2A-8606-EF02079B1373}
		{22F3B9DF-1209-4574-8331-003966F562BF} = {80DA05C1-6532-4D2A-8606-EF02079B1373}
		{142213BE-1D23-4F2E-8AF5-E404CFA2A858} = {00658368-B9AF-49CB-9D5E-E0409B686F89}
		{1B37C3CE-088D-4277-B750-3A1CBEB1884A} = {142213BE-1D23-4F2E-8AF5-E404CFA2A858}
		{491F4851-92BA-4AC1-9A80-241E1FF13229} = {142213BE-1D23-4F2E-8AF5-E404CFA2A858}
		{35ACD56C-DEE1-477B-BEC0-C963C7937623} = {142213BE-1D23-4F2E-8AF5-E404CFA2A858}
		{ABBFE473-9A29-4FF2-9B1E-961AB70A7998} = {00658368-B9AF-49CB-9D5E-E0409B686F89}
		{3921BC09-4ECA-41E9-97B4-E0DBF8616776} = {ABBFE473-9A29-4FF2-9B1E-961AB70A7998}
		{E6B464CA-8F8B-420A-BC4C-C1F7C1297FA7} = {ABBFE473-9A29-4FF2-9B1E-961AB70A7998}
		{0852A95A-5A0D-401E-B815-1B52342C5F9C} = {ABBFE473-9A29-4FF2-9B1E-961AB70A7998}
		{B61EB703-8285-4DC6-841F-B81FE087C9F5} = {00658368-B9AF-49CB-9D5E-E0409B686F89}
		{5419E2CA-4B8F-411D-B6B1-54C415ED17B0} = {B61EB703-8285-4DC6-841F-B81FE087C9F5}
		{C954925A-1A55-49EE-B1BE-AECCED3F08BF} = {B61EB703-8285-4DC6-841F-B81FE087C9F5}
		{B9AA6C29-72BC-4607-9F0C-8A68FE84EE0E} = {B61EB703-8285-4DC6-841F-B81FE087C9F5}
		{CA3A38EB-5E7B-4B75-91CD-AA00D14C9AF1} = {F13CB4F7-BEE5-4368-A815-A971797387D8}
		{16AF311F-74CA-45A3-A82D-6334200FB124} = {CA3A38EB-5E7B-4B75-91CD-AA00D14C9AF1}
		{EC2B1292-2D8C-4FEB-A84B-2550B32C1AE7} = {CA3A38EB-5E7B-4B75-91CD-AA00D14C9AF1}
		{E35634BD-B91B-4A6D-B957-96F56DD065F9} = {CA3A38EB-5E7B-4B75-91CD-AA00D14C9AF1}
	EndGlobalSection
EndGlobal
